{
  "version": 4,
  "terraform_version": "1.14.6",
  "serial": 80,
  "lineage": "bec88d3a-2ceb-8798-4aeb-5c66581e321c",
  "outputs": {},
  "resources": [
    {
      "mode": "data",
      "type": "aws_availability_zones",
      "name": "available",
      "provider": "provider[\"registry.terraform.io/hashicorp/aws\"]",
      "instances": [
        {
          "schema_version": 0,
          "attributes": {
            "all_availability_zones": null,
            "exclude_names": null,
            "exclude_zone_ids": null,
            "filter": null,
            "group_names": [
              "eu-central-1-zg-1"
            ],
            "id": "eu-central-1",
            "names": [
              "eu-central-1a",
              "eu-central-1b",
              "eu-central-1c"
            ],
            "region": "eu-central-1",
            "state": null,
            "timeouts": null,
            "zone_ids": [
              "euc1-az2",
              "euc1-az3",
              "euc1-az1"
            ]
          },
          "sensitive_attributes": [],
          "identity_schema_version": 0
        }
      ]
    },
    {
      "mode": "data",
      "type": "aws_eks_cluster_auth",
      "name": "danit",
      "provider": "provider[\"registry.terraform.io/hashicorp/aws\"]",
      "instances": [
        {
          "schema_version": 0,
          "attributes": {
            "id": "danit",
            "name": "danit",
            "region": "eu-central-1",
            "token": "k8s-aws-v1.aHR0cHM6Ly9zdHMuZXUtY2VudHJhbC0xLmFtYXpvbmF3cy5jb20vP0FjdGlvbj1HZXRDYWxsZXJJZGVudGl0eSZWZXJzaW9uPTIwMTEtMDYtMTUmWC1BbXotQWxnb3JpdGhtPUFXUzQtSE1BQy1TSEEyNTYmWC1BbXotQ3JlZGVudGlhbD1BS0lBV1lBT05KM0FQVUlRTURUNCUyRjIwMjYwNTIzJTJGZXUtY2VudHJhbC0xJTJGc3RzJTJGYXdzNF9yZXF1ZXN0JlgtQW16LURhdGU9MjAyNjA1MjNUMDc0MDU0WiZYLUFtei1FeHBpcmVzPTAmWC1BbXotU2lnbmVkSGVhZGVycz1ob3N0JTNCeC1rOHMtYXdzLWlkJlgtQW16LVNpZ25hdHVyZT03MGM5OGNjMzQ1MDUxNmI5ZjI3YTMyY2U1NzZmMTBlYjY4NDIxMGY4MmZiYTExNDQyN2RhZTYxYmU0YWNhZmYx"
          },
          "sensitive_attributes": [
            [
              {
                "type": "get_attr",
                "value": "token"
              }
            ]
          ],
          "identity_schema_version": 0
        }
      ]
    },
    {
      "mode": "managed",
      "type": "aws_eks_addon",
      "name": "coredns",
      "provider": "provider[\"registry.terraform.io/hashicorp/aws\"]",
      "instances": [
        {
          "schema_version": 0,
          "attributes": {
            "addon_name": "coredns",
            "addon_version": "v1.12.4-eksbuild.1",
            "arn": "arn:aws:eks:eu-central-1:463886700224:addon/danit/coredns/66cf29e5-308b-6ef8-9b75-f2efab536203",
            "cluster_name": "danit",
            "configuration_values": "",
            "created_at": "2026-05-23T07:43:53Z",
            "id": "danit:coredns",
            "modified_at": "2026-05-23T07:44:05Z",
            "namespace_config": [
              {
                "namespace": "kube-system"
              }
            ],
            "pod_identity_association": [],
            "preserve": null,
            "region": "eu-central-1",
            "resolve_conflicts_on_create": "OVERWRITE",
            "resolve_conflicts_on_update": null,
            "service_account_role_arn": "",
            "tags": null,
            "tags_all": {},
            "timeouts": null
          },
          "sensitive_attributes": [],
          "identity_schema_version": 0,
          "identity": {
            "account_id": "463886700224",
            "addon_name": "coredns",
            "cluster_name": "danit",
            "region": "eu-central-1"
          },
          "private": "eyJlMmJmYjczMC1lY2FhLTExZTYtOGY4OC0zNDM2M2JjN2M0YzAiOnsiY3JlYXRlIjoxMjAwMDAwMDAwMDAwLCJkZWxldGUiOjI0MDAwMDAwMDAwMDAsInVwZGF0ZSI6MTIwMDAwMDAwMDAwMH19",
          "dependencies": [
            "aws_eks_cluster.danit",
            "aws_eks_node_group.danit",
            "aws_iam_role.cluster",
            "aws_iam_role.danit-node",
            "aws_iam_role_policy_attachment.kubeedge-cluster-AmazonEKSClusterPolicy",
            "aws_iam_role_policy_attachment.kubeedge-cluster-AmazonEKSVPCResourceController",
            "aws_iam_role_policy_attachment.kubeedge-node-AmazonEC2ContainerRegistryReadOnly",
            "aws_iam_role_policy_attachment.kubeedge-node-AmazonEKSWorkerNodePolicy",
            "aws_iam_role_policy_attachment.kubeedge-node-AmazonEKS_CNI_Policy",
            "aws_security_group.danit-cluster"
          ]
        }
      ]
    },
    {
      "mode": "managed",
      "type": "aws_eks_cluster",
      "name": "danit",
      "provider": "provider[\"registry.terraform.io/hashicorp/aws\"]",
      "instances": [
        {
          "schema_version": 1,
          "attributes": {
            "access_config": [
              {
                "authentication_mode": "CONFIG_MAP",
                "bootstrap_cluster_creator_admin_permissions": true
              }
            ],
            "arn": "arn:aws:eks:eu-central-1:463886700224:cluster/danit",
            "bootstrap_self_managed_addons": true,
            "certificate_authority": [
              {
                "data": "LS0tLS1CRUdJTiBDRVJUSUZJQ0FURS0tLS0tCk1JSURCVENDQWUyZ0F3SUJBZ0lJUVVEVUg3ZDZCdVl3RFFZSktvWklodmNOQVFFTEJRQXdGVEVUTUJFR0ExVUUKQXhNS2EzVmlaWEp1WlhSbGN6QWVGdzB5TmpBMU1qTXdOek16TVRSYUZ3MHpOakExTWpBd056TTRNVFJhTUJVeApFekFSQmdOVkJBTVRDbXQxWW1WeWJtVjBaWE13Z2dFaU1BMEdDU3FHU0liM0RRRUJBUVVBQTRJQkR3QXdnZ0VLCkFvSUJBUURGNEY2UVZFeEtzTkNkYWRwNFlleU5leEs0Kzc0MmRrK09rM0hBeFRiQkZHczNMS1RodkxoWEM2QmYKdEhHM0c1QldwRWN6WkdZQ2NiMEFOQUIrSHB4Vm1GV3R1WHhmSFRaM0tkUVpxMXREWUNpVHplV3pybkJDNTRkTgpSWDBVQmc3d2pRUlpud28zdTcxMDM0MEdnZGdKM3JiL1U2TVlGNllNazRsakdpejNybWlsTlZrTHB4MDh0ZEd4CmlrRmgycEFhZ1hNbFgxcE1EOVR0VXZoR3hRM2hzNDVyQzcwUlNSSE5pRUE3U0ozM3JxTEltSWdCODcwL0lmK2IKOWN0dHJnTjdhL1UySGpEWGFuNjN2bWxwbTVBeDF1QkZycDB2ZmhxYXdNNmU2bVNHbUlydkdCMnZSZDB6enZxdQpQNEJHVlNJbFpRYWxoZjRlbTlsQU1mbkxOZEpwQWdNQkFBR2pXVEJYTUE0R0ExVWREd0VCL3dRRUF3SUNwREFQCkJnTlZIUk1CQWY4RUJUQURBUUgvTUIwR0ExVWREZ1FXQkJRTDdCRnJ6Umcyd3FKMWRpSDE4WWJvdU9WNVREQVYKQmdOVkhSRUVEakFNZ2dwcmRXSmxjbTVsZEdWek1BMEdDU3FHU0liM0RRRUJDd1VBQTRJQkFRQ2lsYkVpVHloWgppdFBHNEdPN0tYSFNORGtZZXFpOXhSM3ZxMWVzNXozUUd4bXhlRnlITDdDMUxDSGQ0ODlrMlhlMFJpbEN2TE5QClJ2ZnpWWVBOVEUySnhJaGxuZWJQYnI5WkZnb3JWVEtOcFQrampIQ1ZvK1BqYzZSSVNEVTNqQVBLUlU0OWZVa04KK1dwbFQzQVZ3c3pwQmpTdFNraC9tK04zcVYrdEhDQ1REZ2VSUmI2b3lsWWFTcXpVcjYySXpDMTVwZmR2c2I2VgpWeFN2SEQ2RGUvejJiZkF3QmJsV0ZSNHdOQlI1MTdKdW1TSnI5L1BSb1U3R09wdU9sbStnb1lqU3JDTXBwdlJTCkxrWFJnbGVrUVRCS3M3Q3NWU0NmWnZDQzNEUk1rYlArOTZFS2RLald4ZkRJcXlFMnZ2dXpxWnlucGtMSWlNcksKT0E1dkFhTU5KTUhlCi0tLS0tRU5EIENFUlRJRklDQVRFLS0tLS0K"
              }
            ],
            "cluster_id": null,
            "compute_config": [
              {
                "enabled": false,
                "node_pools": [],
                "node_role_arn": ""
              }
            ],
            "control_plane_scaling_config": [
              {
                "tier": "standard"
              }
            ],
            "created_at": "2026-05-23T07:34:13Z",
            "deletion_protection": false,
            "enabled_cluster_log_types": null,
            "encryption_config": [],
            "endpoint": "https://0C374D0EF69202CA5061D37EE89845E5.gr7.eu-central-1.eks.amazonaws.com",
            "force_update_version": null,
            "id": "danit",
            "identity": [
              {
                "oidc": [
                  {
                    "issuer": "https://oidc.eks.eu-central-1.amazonaws.com/id/0C374D0EF69202CA5061D37EE89845E5"
                  }
                ]
              }
            ],
            "kubernetes_network_config": [
              {
                "elastic_load_balancing": [
                  {
                    "enabled": false
                  }
                ],
                "ip_family": "ipv4",
                "service_ipv4_cidr": "10.100.0.0/16",
                "service_ipv6_cidr": ""
              }
            ],
            "name": "danit",
            "outpost_config": [],
            "platform_version": "eks.13",
            "region": "eu-central-1",
            "remote_network_config": [],
            "role_arn": "arn:aws:iam::463886700224:role/danit-eks-role",
            "status": "ACTIVE",
            "storage_config": [
              {
                "block_storage": [
                  {
                    "enabled": false
                  }
                ]
              }
            ],
            "tags": {
              "Environment": "test",
              "Name": "danit",
              "TfControl": "true"
            },
            "tags_all": {
              "Environment": "test",
              "Name": "danit",
              "TfControl": "true"
            },
            "timeouts": null,
            "upgrade_policy": [
              {
                "support_type": "EXTENDED"
              }
            ],
            "version": "1.35",
            "vpc_config": [
              {
                "cluster_security_group_id": "sg-0dace2d6a52531df8",
                "endpoint_private_access": false,
                "endpoint_public_access": true,
                "public_access_cidrs": [
                  "0.0.0.0/0"
                ],
                "security_group_ids": [
                  "sg-077b696e3cfe91916"
                ],
                "subnet_ids": [
                  "subnet-014248ad828954882",
                  "subnet-017ce7178f926d6bb",
                  "subnet-034ef95966c929871"
                ],
                "vpc_id": "vpc-0eeda6e433f8c9db1"
              }
            ],
            "zonal_shift_config": []
          },
          "sensitive_attributes": [],
          "identity_schema_version": 0,
          "identity": {
            "account_id": "463886700224",
            "name": "danit",
            "region": "eu-central-1"
          },
          "private": "eyJlMmJmYjczMC1lY2FhLTExZTYtOGY4OC0zNDM2M2JjN2M0YzAiOnsiY3JlYXRlIjoxODAwMDAwMDAwMDAwLCJkZWxldGUiOjkwMDAwMDAwMDAwMCwidXBkYXRlIjozNjAwMDAwMDAwMDAwfSwic2NoZW1hX3ZlcnNpb24iOiIxIn0=",
          "dependencies": [
            "aws_iam_role.cluster",
            "aws_iam_role_policy_attachment.kubeedge-cluster-AmazonEKSClusterPolicy",
            "aws_iam_role_policy_attachment.kubeedge-cluster-AmazonEKSVPCResourceController",
            "aws_security_group.danit-cluster"
          ]
        }
      ]
    },
    {
      "mode": "managed",
      "type": "aws_eks_node_group",
      "name": "danit",
      "provider": "provider[\"registry.terraform.io/hashicorp/aws\"]",
      "instances": [
        {
          "schema_version": 0,
          "attributes": {
            "ami_type": "AL2023_x86_64_STANDARD",
            "arn": "arn:aws:eks:eu-central-1:463886700224:nodegroup/danit/danit/34cf29e3-d438-2818-b166-7d0eb9cfde95",
            "capacity_type": "ON_DEMAND",
            "cluster_name": "danit",
            "disk_size": 20,
            "force_update_version": null,
            "id": "danit:danit",
            "instance_types": [
              "t2.small"
            ],
            "labels": {
              "node-type": "tests"
            },
            "launch_template": [],
            "node_group_name": "danit",
            "node_group_name_prefix": "",
            "node_repair_config": [],
            "node_role_arn": "arn:aws:iam::463886700224:role/danit-eks-node",
            "region": "eu-central-1",
            "release_version": "1.35.5-20260520",
            "remote_access": [],
            "resources": [
              {
                "autoscaling_groups": [
                  {
                    "name": "eks-danit-34cf29e3-d438-2818-b166-7d0eb9cfde95"
                  }
                ],
                "remote_access_security_group_id": ""
              }
            ],
            "scaling_config": [
              {
                "desired_size": 2,
                "max_size": 2,
                "min_size": 1
              }
            ],
            "status": "ACTIVE",
            "subnet_ids": [
              "subnet-014248ad828954882",
              "subnet-017ce7178f926d6bb",
              "subnet-034ef95966c929871"
            ],
            "tags": {
              "Environment": "test",
              "Name": "danit-node-group",
              "TfControl": "true"
            },
            "tags_all": {
              "Environment": "test",
              "Name": "danit-node-group",
              "TfControl": "true"
            },
            "taint": [],
            "timeouts": null,
            "update_config": [
              {
                "max_unavailable": 1,
                "max_unavailable_percentage": 0,
                "update_strategy": ""
              }
            ],
            "version": "1.35"
          },
          "sensitive_attributes": [],
          "identity_schema_version": 0,
          "identity": {
            "account_id": "463886700224",
            "cluster_name": "danit",
            "node_group_name": "danit",
            "region": "eu-central-1"
          },
          "private": "eyJlMmJmYjczMC1lY2FhLTExZTYtOGY4OC0zNDM2M2JjN2M0YzAiOnsiY3JlYXRlIjozNjAwMDAwMDAwMDAwLCJkZWxldGUiOjM2MDAwMDAwMDAwMDAsInVwZGF0ZSI6MzYwMDAwMDAwMDAwMH19",
          "dependencies": [
            "aws_eks_cluster.danit",
            "aws_iam_role.cluster",
            "aws_iam_role.danit-node",
            "aws_iam_role_policy_attachment.kubeedge-cluster-AmazonEKSClusterPolicy",
            "aws_iam_role_policy_attachment.kubeedge-cluster-AmazonEKSVPCResourceController",
            "aws_iam_role_policy_attachment.kubeedge-node-AmazonEC2ContainerRegistryReadOnly",
            "aws_iam_role_policy_attachment.kubeedge-node-AmazonEKSWorkerNodePolicy",
            "aws_iam_role_policy_attachment.kubeedge-node-AmazonEKS_CNI_Policy",
            "aws_security_group.danit-cluster"
          ]
        }
      ]
    },
    {
      "mode": "managed",
      "type": "aws_iam_role",
      "name": "cluster",
      "provider": "provider[\"registry.terraform.io/hashicorp/aws\"]",
      "instances": [
        {
          "schema_version": 0,
          "attributes": {
            "arn": "arn:aws:iam::463886700224:role/danit-eks-role",
            "assume_role_policy": "{\"Statement\":[{\"Action\":\"sts:AssumeRole\",\"Effect\":\"Allow\",\"Principal\":{\"Service\":\"eks.amazonaws.com\"}}],\"Version\":\"2012-10-17\"}",
            "create_date": "2026-05-23T07:34:09Z",
            "description": "",
            "force_detach_policies": false,
            "id": "danit-eks-role",
            "inline_policy": [],
            "managed_policy_arns": [],
            "max_session_duration": 3600,
            "name": "danit-eks-role",
            "name_prefix": "",
            "path": "/",
            "permissions_boundary": "",
            "tags": null,
            "tags_all": {},
            "unique_id": "AROAWYAONJ3AMBF4DRVIT"
          },
          "sensitive_attributes": [],
          "identity_schema_version": 0,
          "identity": {
            "account_id": "463886700224",
            "name": "danit-eks-role"
          },
          "private": "bnVsbA=="
        }
      ]
    },
    {
      "mode": "managed",
      "type": "aws_iam_role",
      "name": "danit-node",
      "provider": "provider[\"registry.terraform.io/hashicorp/aws\"]",
      "instances": [
        {
          "schema_version": 0,
          "attributes": {
            "arn": "arn:aws:iam::463886700224:role/danit-eks-node",
            "assume_role_policy": "{\"Statement\":[{\"Action\":\"sts:AssumeRole\",\"Effect\":\"Allow\",\"Principal\":{\"Service\":\"ec2.amazonaws.com\"}}],\"Version\":\"2012-10-17\"}",
            "create_date": "2026-05-23T07:34:09Z",
            "description": "",
            "force_detach_policies": false,
            "id": "danit-eks-node",
            "inline_policy": [],
            "managed_policy_arns": [],
            "max_session_duration": 3600,
            "name": "danit-eks-node",
            "name_prefix": "",
            "path": "/",
            "permissions_boundary": "",
            "tags": null,
            "tags_all": {},
            "unique_id": "AROAWYAONJ3ACUAPI46ZR"
          },
          "sensitive_attributes": [],
          "identity_schema_version": 0,
          "identity": {
            "account_id": "463886700224",
            "name": "danit-eks-node"
          },
          "private": "bnVsbA=="
        }
      ]
    },
    {
      "mode": "managed",
      "type": "aws_iam_role_policy_attachment",
      "name": "kubeedge-cluster-AmazonEKSClusterPolicy",
      "provider": "provider[\"registry.terraform.io/hashicorp/aws\"]",
      "instances": [
        {
          "schema_version": 0,
          "attributes": {
            "id": "danit-eks-role/arn:aws:iam::aws:policy/AmazonEKSClusterPolicy",
            "policy_arn": "arn:aws:iam::aws:policy/AmazonEKSClusterPolicy",
            "role": "danit-eks-role"
          },
          "sensitive_attributes": [],
          "identity_schema_version": 0,
          "identity": {
            "account_id": "463886700224",
            "policy_arn": "arn:aws:iam::aws:policy/AmazonEKSClusterPolicy",
            "role": "danit-eks-role"
          },
          "private": "bnVsbA==",
          "dependencies": [
            "aws_iam_role.cluster"
          ]
        }
      ]
    },
    {
      "mode": "managed",
      "type": "aws_iam_role_policy_attachment",
      "name": "kubeedge-cluster-AmazonEKSVPCResourceController",
      "provider": "provider[\"registry.terraform.io/hashicorp/aws\"]",
      "instances": [
        {
          "schema_version": 0,
          "attributes": {
            "id": "danit-eks-role/arn:aws:iam::aws:policy/AmazonEKSVPCResourceController",
            "policy_arn": "arn:aws:iam::aws:policy/AmazonEKSVPCResourceController",
            "role": "danit-eks-role"
          },
          "sensitive_attributes": [],
          "identity_schema_version": 0,
          "identity": {
            "account_id": "463886700224",
            "policy_arn": "arn:aws:iam::aws:policy/AmazonEKSVPCResourceController",
            "role": "danit-eks-role"
          },
          "private": "bnVsbA==",
          "dependencies": [
            "aws_iam_role.cluster"
          ]
        }
      ]
    },
    {
      "mode": "managed",
      "type": "aws_iam_role_policy_attachment",
      "name": "kubeedge-node-AmazonEC2ContainerRegistryReadOnly",
      "provider": "provider[\"registry.terraform.io/hashicorp/aws\"]",
      "instances": [
        {
          "schema_version": 0,
          "attributes": {
            "id": "danit-eks-node/arn:aws:iam::aws:policy/AmazonEC2ContainerRegistryReadOnly",
            "policy_arn": "arn:aws:iam::aws:policy/AmazonEC2ContainerRegistryReadOnly",
            "role": "danit-eks-node"
          },
          "sensitive_attributes": [],
          "identity_schema_version": 0,
          "identity": {
            "account_id": "463886700224",
            "policy_arn": "arn:aws:iam::aws:policy/AmazonEC2ContainerRegistryReadOnly",
            "role": "danit-eks-node"
          },
          "private": "bnVsbA==",
          "dependencies": [
            "aws_iam_role.danit-node"
          ]
        }
      ]
    },
    {
      "mode": "managed",
      "type": "aws_iam_role_policy_attachment",
      "name": "kubeedge-node-AmazonEKSWorkerNodePolicy",
      "provider": "provider[\"registry.terraform.io/hashicorp/aws\"]",
      "instances": [
        {
          "schema_version": 0,
          "attributes": {
            "id": "danit-eks-node/arn:aws:iam::aws:policy/AmazonEKSWorkerNodePolicy",
            "policy_arn": "arn:aws:iam::aws:policy/AmazonEKSWorkerNodePolicy",
            "role": "danit-eks-node"
          },
          "sensitive_attributes": [],
          "identity_schema_version": 0,
          "identity": {
            "account_id": "463886700224",
            "policy_arn": "arn:aws:iam::aws:policy/AmazonEKSWorkerNodePolicy",
            "role": "danit-eks-node"
          },
          "private": "bnVsbA==",
          "dependencies": [
            "aws_iam_role.danit-node"
          ]
        }
      ]
    },
    {
      "mode": "managed",
      "type": "aws_iam_role_policy_attachment",
      "name": "kubeedge-node-AmazonEKS_CNI_Policy",
      "provider": "provider[\"registry.terraform.io/hashicorp/aws\"]",
      "instances": [
        {
          "schema_version": 0,
          "attributes": {
            "id": "danit-eks-node/arn:aws:iam::aws:policy/AmazonEKS_CNI_Policy",
            "policy_arn": "arn:aws:iam::aws:policy/AmazonEKS_CNI_Policy",
            "role": "danit-eks-node"
          },
          "sensitive_attributes": [],
          "identity_schema_version": 0,
          "identity": {
            "account_id": "463886700224",
            "policy_arn": "arn:aws:iam::aws:policy/AmazonEKS_CNI_Policy",
            "role": "danit-eks-node"
          },
          "private": "bnVsbA==",
          "dependencies": [
            "aws_iam_role.danit-node"
          ]
        }
      ]
    },
    {
      "mode": "managed",
      "type": "aws_security_group",
      "name": "danit-cluster",
      "provider": "provider[\"registry.terraform.io/hashicorp/aws\"]",
      "instances": [
        {
          "schema_version": 1,
          "attributes": {
            "arn": "arn:aws:ec2:eu-central-1:463886700224:security-group/sg-077b696e3cfe91916",
            "description": "Cluster communication with worker nodes",
            "egress": [
              {
                "cidr_blocks": [
                  "0.0.0.0/0"
                ],
                "description": "",
                "from_port": 0,
                "ipv6_cidr_blocks": [],
                "prefix_list_ids": [],
                "protocol": "-1",
                "security_groups": [],
                "self": false,
                "to_port": 0
              }
            ],
            "id": "sg-077b696e3cfe91916",
            "ingress": [],
            "name": "danit-eks-sg",
            "name_prefix": "",
            "owner_id": "463886700224",
            "region": "eu-central-1",
            "revoke_rules_on_delete": false,
            "tags": {
              "Environment": "test",
              "Name": "danit-eks-sg",
              "TfControl": "true"
            },
            "tags_all": {
              "Environment": "test",
              "Name": "danit-eks-sg",
              "TfControl": "true"
            },
            "timeouts": null,
            "vpc_id": "vpc-0eeda6e433f8c9db1"
          },
          "sensitive_attributes": [],
          "identity_schema_version": 0,
          "identity": {
            "account_id": "463886700224",
            "id": "sg-077b696e3cfe91916",
            "region": "eu-central-1"
          },
          "private": "eyJlMmJmYjczMC1lY2FhLTExZTYtOGY4OC0zNDM2M2JjN2M0YzAiOnsiY3JlYXRlIjo2MDAwMDAwMDAwMDAsImRlbGV0ZSI6OTAwMDAwMDAwMDAwfSwic2NoZW1hX3ZlcnNpb24iOiIxIn0="
        }
      ]
    },
    {
      "mode": "managed",
      "type": "helm_release",
      "name": "argocd",
      "provider": "provider[\"registry.terraform.io/hashicorp/helm\"]",
      "instances": [
        {
          "schema_version": 1,
          "attributes": {
            "atomic": false,
            "chart": "argo-cd",
            "cleanup_on_fail": false,
            "create_namespace": true,
            "dependency_update": false,
            "description": null,
            "devel": null,
            "disable_crd_hooks": false,
            "disable_openapi_validation": false,
            "disable_webhooks": false,
            "force_update": false,
            "id": "argocd",
            "keyring": null,
            "lint": false,
            "manifest": null,
            "max_history": 0,
            "metadata": [
              {
                "app_version": "v3.4.2",
                "chart": "argo-cd",
                "name": "argocd",
                "namespace": "argocd",
                "revision": 1,
                "values": "{}",
                "version": "9.5.15"
              }
            ],
            "name": "argocd",
            "namespace": "argocd",
            "pass_credentials": false,
            "postrender": [],
            "recreate_pods": false,
            "render_subchart_notes": true,
            "replace": false,
            "repository": "https://argoproj.github.io/argo-helm",
            "repository_ca_file": null,
            "repository_cert_file": null,
            "repository_key_file": null,
            "repository_password": null,
            "repository_username": null,
            "reset_values": false,
            "reuse_values": false,
            "set": [],
            "set_list": [],
            "set_sensitive": [],
            "skip_crds": false,
            "status": "deployed",
            "timeout": 300,
            "values": null,
            "verify": false,
            "version": "9.5.15",
            "wait": true,
            "wait_for_jobs": false
          },
          "sensitive_attributes": [
            [
              {
                "type": "get_attr",
                "value": "repository_password"
              }
            ]
          ],
          "identity_schema_version": 0,
          "private": "eyJzY2hlbWFfdmVyc2lvbiI6IjEifQ==",
          "dependencies": [
            "aws_eks_cluster.danit",
            "aws_eks_node_group.danit",
            "aws_iam_role.cluster",
            "aws_iam_role.danit-node",
            "aws_iam_role_policy_attachment.kubeedge-cluster-AmazonEKSClusterPolicy",
            "aws_iam_role_policy_attachment.kubeedge-cluster-AmazonEKSVPCResourceController",
            "aws_iam_role_policy_attachment.kubeedge-node-AmazonEC2ContainerRegistryReadOnly",
            "aws_iam_role_policy_attachment.kubeedge-node-AmazonEKSWorkerNodePolicy",
            "aws_iam_role_policy_attachment.kubeedge-node-AmazonEKS_CNI_Policy",
            "aws_security_group.danit-cluster",
            "data.aws_eks_cluster_auth.danit"
          ]
        }
      ]
    }
  ],
  "check_results": null
}
